
Microsoft Visual Studio Solution File, Format Version 12.00
# Visual Studio Version 17
VisualStudioVersion = 17.8.34309.116
MinimumVisualStudioVersion = 10.0.40219.1
Project("{2150E333-8FDC-42A3-9474-1A3956D46DE8}") = "src", "src", "{944A45A5-E3FA-4C1D-B5EC-76FAE6974F21}"
EndProject
Project("{2150E333-8FDC-42A3-9474-1A3956D46DE8}") = "tests", "tests", "{B9FDB3AD-0254-49E2-B2B8-20BC6B0AB93B}"
EndProject
Project("{9A19103F-16F7-4668-BE54-9A1E7A4F7556}") = "DataStandardizer.Core", "src\DataStandardizer.Core\DataStandardizer.Core.csproj", "{33A7D2E1-4058-41A1-8CFD-878710C195E2}"
EndProject
Project("{9A19103F-16F7-4668-BE54-9A1E7A4F7556}") = "DataStandardizer.ISO639", "src\DataStandardizer.ISO639\DataStandardizer.ISO639.csproj", "{B6358DD1-BCB9-40EC-8E8E-455C1E961666}"
EndProject
Project("{9A19103F-16F7-4668-BE54-9A1E7A4F7556}") = "DataStandardizer.ISO4217", "src\DataStandardizer.ISO4217\DataStandardizer.ISO4217.csproj", "{03A85F4D-ED67-4F74-85F5-4DA1F0FC42D6}"
EndProject
Project("{9A19103F-16F7-4668-BE54-9A1E7A4F7556}") = "DataStandardizer.Core.Tests", "tests\DataStandardizer.Core.Tests\DataStandardizer.Core.Tests.csproj", "{BEF6A15F-E1A6-40D8-9911-C2FB93B65DB0}"
EndProject
Project("{9A19103F-16F7-4668-BE54-9A1E7A4F7556}") = "DataStandardizer.ISO4217.Tests", "tests\DataStandardizer.ISO4217.Tests\DataStandardizer.ISO4217.Tests.csproj", "{C4D73C93-104F-44A5-A29B-6B68A4D0839E}"
EndProject
Project("{9A19103F-16F7-4668-BE54-9A1E7A4F7556}") = "DataStandardizer.ISO3166", "src\DataStandardizer.ISO3166\DataStandardizer.ISO3166.csproj", "{4AB57286-50E4-4731-A87A-1310EB5EB8CB}"
EndProject
Project("{9A19103F-16F7-4668-BE54-9A1E7A4F7556}") = "DataStandardizer.ISO3166.Tests", "tests\DataStandardizer.ISO3166.Tests\DataStandardizer.ISO3166.Tests.csproj", "{9B039797-C508-4826-A573-E418A774ED75}"
EndProject
Project("{9A19103F-16F7-4668-BE54-9A1E7A4F7556}") = "DataStandardizer.ISO639.Tests", "tests\DataStandardizer.ISO639.Tests\DataStandardizer.ISO639.Tests.csproj", "{FCAC5474-4712-4CB2-8573-974B6E8B541B}"
EndProject
Project("{9A19103F-16F7-4668-BE54-9A1E7A4F7556}") = "DataStandardizer.ISO15924", "src\DataStandardizer.ISO15924\DataStandardizer.ISO15924.csproj", "{C9E6F37D-0711-4CA7-A05E-13F77D7966A9}"
EndProject
Project("{9A19103F-16F7-4668-BE54-9A1E7A4F7556}") = "DataStandardizer.ISO15924.Tests", "tests\DataStandardizer.ISO15924.Tests\DataStandardizer.ISO15924.Tests.csproj", "{22DFF48E-CE51-454D-9AB8-4A20662ECDE2}"
EndProject
Project("{9A19103F-16F7-4668-BE54-9A1E7A4F7556}") = "DataStandardizer.UNM49", "src\DataStandardizer.UNM49\DataStandardizer.UNM49.csproj", "{B500238E-B86B-4523-9882-20A8C74275B1}"
EndProject
Project("{9A19103F-16F7-4668-BE54-9A1E7A4F7556}") = "DataStandardizer.UNM49.Tests", "tests\DataStandardizer.UNM49.Tests\DataStandardizer.UNM49.Tests.csproj", "{13941DFA-4ACD-498B-9EA1-2AB7498110B6}"
EndProject
Project("{9A19103F-16F7-4668-BE54-9A1E7A4F7556}") = "DataStandardizer.BCP47", "src\DataStandardizer.BCP47\DataStandardizer.BCP47.csproj", "{CA43B075-D003-499E-B0DF-20140534F979}"
	ProjectSection(ProjectDependencies) = postProject
		{B500238E-B86B-4523-9882-20A8C74275B1} = {B500238E-B86B-4523-9882-20A8C74275B1}
	EndProjectSection
EndProject
Project("{9A19103F-16F7-4668-BE54-9A1E7A4F7556}") = "DataStandardizer.BCP47.Tests", "tests\DataStandardizer.BCP47.Tests\DataStandardizer.BCP47.Tests.csproj", "{90FDDDC5-52EE-44A7-81F2-7C600834A614}"
EndProject
Project("{FAE04EC0-301F-11D3-BF4B-00C04F79EFBC}") = "DataStandardizer.Money", "src\DataStandardizer.Money\DataStandardizer.Money.csproj", "{89CE1280-F797-4F8B-A3FB-F9305504128C}"
EndProject
Project("{FAE04EC0-301F-11D3-BF4B-00C04F79EFBC}") = "DataStandardizer.Money.Tests", "tests\DataStandardizer.Money.Tests\DataStandardizer.Money.Tests.csproj", "{95EA3DB7-8AD0-4D11-9A8C-8E5F24967F2D}"
EndProject
Project("{FAE04EC0-301F-11D3-BF4B-00C04F79EFBC}") = "DataStandardizer.Chronology", "src\DataStandardizer.Chronology\DataStandardizer.Chronology.csproj", "{677E329D-C91E-4EDC-9842-F419EEFDC7C9}"
EndProject
Project("{FAE04EC0-301F-11D3-BF4B-00C04F79EFBC}") = "DataStandardizer.Chronology.Tests", "tests\DataStandardizer.Chronology.Tests\DataStandardizer.Chronology.Tests.csproj", "{47DA1DFE-A912-4732-9273-7295F111A305}"
EndProject
Project("{FAE04EC0-301F-11D3-BF4B-00C04F79EFBC}") = "DataStandardizer.File", "src\DataStandardizer.File\DataStandardizer.File.csproj", "{D68CC163-D5C6-468C-9D5B-4F2C5B3618CB}"
EndProject
Project("{FAE04EC0-301F-11D3-BF4B-00C04F79EFBC}") = "DataStandardizer.File.Tests", "tests\DataStandardizer.File.Tests\DataStandardizer.File.Tests.csproj", "{86645974-58FB-4CBD-AC42-3C0FD52284DD}"
EndProject
Global
	GlobalSection(SolutionConfigurationPlatforms) = preSolution
		Debug|Any CPU = Debug|Any CPU
		Debug|x64 = Debug|x64
		Debug|x86 = Debug|x86
		Release|Any CPU = Release|Any CPU
		Release|x64 = Release|x64
		Release|x86 = Release|x86
	EndGlobalSection
	GlobalSection(ProjectConfigurationPlatforms) = postSolution
		{33A7D2E1-4058-41A1-8CFD-878710C195E2}.Debug|Any CPU.ActiveCfg = Debug|Any CPU
		{33A7D2E1-4058-41A1-8CFD-878710C195E2}.Debug|Any CPU.Build.0 = Debug|Any CPU
		{33A7D2E1-4058-41A1-8CFD-878710C195E2}.Debug|x64.ActiveCfg = Debug|x64
		{33A7D2E1-4058-41A1-8CFD-878710C195E2}.Debug|x64.Build.0 = Debug|x64
		{33A7D2E1-4058-41A1-8CFD-878710C195E2}.Debug|x86.ActiveCfg = Debug|x86
		{33A7D2E1-4058-41A1-8CFD-878710C195E2}.Debug|x86.Build.0 = Debug|x86
		{33A7D2E1-4058-41A1-8CFD-878710C195E2}.Release|Any CPU.ActiveCfg = Release|Any CPU
		{33A7D2E1-4058-41A1-8CFD-878710C195E2}.Release|Any CPU.Build.0 = Release|Any CPU
		{33A7D2E1-4058-41A1-8CFD-878710C195E2}.Release|x64.ActiveCfg = Release|x64
		{33A7D2E1-4058-41A1-8CFD-878710C195E2}.Release|x64.Build.0 = Release|x64
		{33A7D2E1-4058-41A1-8CFD-878710C195E2}.Release|x86.ActiveCfg = Release|x86
		{33A7D2E1-4058-41A1-8CFD-878710C195E2}.Release|x86.Build.0 = Release|x86
		{B6358DD1-BCB9-40EC-8E8E-455C1E961666}.Debug|Any CPU.ActiveCfg = Debug|Any CPU
		{B6358DD1-BCB9-40EC-8E8E-455C1E961666}.Debug|Any CPU.Build.0 = Debug|Any CPU
		{B6358DD1-BCB9-40EC-8E8E-455C1E961666}.Debug|x64.ActiveCfg = Debug|x64
		{B6358DD1-BCB9-40EC-8E8E-455C1E961666}.Debug|x64.Build.0 = Debug|x64
		{B6358DD1-BCB9-40EC-8E8E-455C1E961666}.Debug|x86.ActiveCfg = Debug|x86
		{B6358DD1-BCB9-40EC-8E8E-455C1E961666}.Debug|x86.Build.0 = Debug|x86
		{B6358DD1-BCB9-40EC-8E8E-455C1E961666}.Release|Any CPU.ActiveCfg = Release|Any CPU
		{B6358DD1-BCB9-40EC-8E8E-455C1E961666}.Release|Any CPU.Build.0 = Release|Any CPU
		{B6358DD1-BCB9-40EC-8E8E-455C1E961666}.Release|x64.ActiveCfg = Release|x64
		{B6358DD1-BCB9-40EC-8E8E-455C1E961666}.Release|x64.Build.0 = Release|x64
		{B6358DD1-BCB9-40EC-8E8E-455C1E961666}.Release|x86.ActiveCfg = Release|x86
		{B6358DD1-BCB9-40EC-8E8E-455C1E961666}.Release|x86.Build.0 = Release|x86
		{03A85F4D-ED67-4F74-85F5-4DA1F0FC42D6}.Debug|Any CPU.ActiveCfg = Debug|Any CPU
		{03A85F4D-ED67-4F74-85F5-4DA1F0FC42D6}.Debug|Any CPU.Build.0 = Debug|Any CPU
		{03A85F4D-ED67-4F74-85F5-4DA1F0FC42D6}.Debug|x64.ActiveCfg = Debug|x64
		{03A85F4D-ED67-4F74-85F5-4DA1F0FC42D6}.Debug|x64.Build.0 = Debug|x64
		{03A85F4D-ED67-4F74-85F5-4DA1F0FC42D6}.Debug|x86.ActiveCfg = Debug|x86
		{03A85F4D-ED67-4F74-85F5-4DA1F0FC42D6}.Debug|x86.Build.0 = Debug|x86
		{03A85F4D-ED67-4F74-85F5-4DA1F0FC42D6}.Release|Any CPU.ActiveCfg = Release|Any CPU
		{03A85F4D-ED67-4F74-85F5-4DA1F0FC42D6}.Release|Any CPU.Build.0 = Release|Any CPU
		{03A85F4D-ED67-4F74-85F5-4DA1F0FC42D6}.Release|x64.ActiveCfg = Release|x64
		{03A85F4D-ED67-4F74-85F5-4DA1F0FC42D6}.Release|x64.Build.0 = Release|x64
		{03A85F4D-ED67-4F74-85F5-4DA1F0FC42D6}.Release|x86.ActiveCfg = Release|x86
		{03A85F4D-ED67-4F74-85F5-4DA1F0FC42D6}.Release|x86.Build.0 = Release|x86
		{BEF6A15F-E1A6-40D8-9911-C2FB93B65DB0}.Debug|Any CPU.ActiveCfg = Debug|Any CPU
		{BEF6A15F-E1A6-40D8-9911-C2FB93B65DB0}.Debug|Any CPU.Build.0 = Debug|Any CPU
		{BEF6A15F-E1A6-40D8-9911-C2FB93B65DB0}.Debug|x64.ActiveCfg = Debug|x64
		{BEF6A15F-E1A6-40D8-9911-C2FB93B65DB0}.Debug|x64.Build.0 = Debug|x64
		{BEF6A15F-E1A6-40D8-9911-C2FB93B65DB0}.Debug|x86.ActiveCfg = Debug|x86
		{BEF6A15F-E1A6-40D8-9911-C2FB93B65DB0}.Debug|x86.Build.0 = Debug|x86
		{BEF6A15F-E1A6-40D8-9911-C2FB93B65DB0}.Release|Any CPU.ActiveCfg = Release|Any CPU
		{BEF6A15F-E1A6-40D8-9911-C2FB93B65DB0}.Release|Any CPU.Build.0 = Release|Any CPU
		{BEF6A15F-E1A6-40D8-9911-C2FB93B65DB0}.Release|x64.ActiveCfg = Release|x64
		{BEF6A15F-E1A6-40D8-9911-C2FB93B65DB0}.Release|x64.Build.0 = Release|x64
		{BEF6A15F-E1A6-40D8-9911-C2FB93B65DB0}.Release|x86.ActiveCfg = Release|x86
		{BEF6A15F-E1A6-40D8-9911-C2FB93B65DB0}.Release|x86.Build.0 = Release|x86
		{C4D73C93-104F-44A5-A29B-6B68A4D0839E}.Debug|Any CPU.ActiveCfg = Debug|Any CPU
		{C4D73C93-104F-44A5-A29B-6B68A4D0839E}.Debug|Any CPU.Build.0 = Debug|Any CPU
		{C4D73C93-104F-44A5-A29B-6B68A4D0839E}.Debug|x64.ActiveCfg = Debug|x64
		{C4D73C93-104F-44A5-A29B-6B68A4D0839E}.Debug|x64.Build.0 = Debug|x64
		{C4D73C93-104F-44A5-A29B-6B68A4D0839E}.Debug|x86.ActiveCfg = Debug|x86
		{C4D73C93-104F-44A5-A29B-6B68A4D0839E}.Debug|x86.Build.0 = Debug|x86
		{C4D73C93-104F-44A5-A29B-6B68A4D0839E}.Release|Any CPU.ActiveCfg = Release|Any CPU
		{C4D73C93-104F-44A5-A29B-6B68A4D0839E}.Release|Any CPU.Build.0 = Release|Any CPU
		{C4D73C93-104F-44A5-A29B-6B68A4D0839E}.Release|x64.ActiveCfg = Release|x64
		{C4D73C93-104F-44A5-A29B-6B68A4D0839E}.Release|x64.Build.0 = Release|x64
		{C4D73C93-104F-44A5-A29B-6B68A4D0839E}.Release|x86.ActiveCfg = Release|x86
		{C4D73C93-104F-44A5-A29B-6B68A4D0839E}.Release|x86.Build.0 = Release|x86
		{4AB57286-50E4-4731-A87A-1310EB5EB8CB}.Debug|Any CPU.ActiveCfg = Debug|Any CPU
		{4AB57286-50E4-4731-A87A-1310EB5EB8CB}.Debug|Any CPU.Build.0 = Debug|Any CPU
		{4AB57286-50E4-4731-A87A-1310EB5EB8CB}.Debug|x64.ActiveCfg = Debug|x64
		{4AB57286-50E4-4731-A87A-1310EB5EB8CB}.Debug|x64.Build.0 = Debug|x64
		{4AB57286-50E4-4731-A87A-1310EB5EB8CB}.Debug|x86.ActiveCfg = Debug|x86
		{4AB57286-50E4-4731-A87A-1310EB5EB8CB}.Debug|x86.Build.0 = Debug|x86
		{4AB57286-50E4-4731-A87A-1310EB5EB8CB}.Release|Any CPU.ActiveCfg = Release|Any CPU
		{4AB57286-50E4-4731-A87A-1310EB5EB8CB}.Release|Any CPU.Build.0 = Release|Any CPU
		{4AB57286-50E4-4731-A87A-1310EB5EB8CB}.Release|x64.ActiveCfg = Release|x64
		{4AB57286-50E4-4731-A87A-1310EB5EB8CB}.Release|x64.Build.0 = Release|x64
		{4AB57286-50E4-4731-A87A-1310EB5EB8CB}.Release|x86.ActiveCfg = Release|x86
		{4AB57286-50E4-4731-A87A-1310EB5EB8CB}.Release|x86.Build.0 = Release|x86
		{9B039797-C508-4826-A573-E418A774ED75}.Debug|Any CPU.ActiveCfg = Debug|Any CPU
		{9B039797-C508-4826-A573-E418A774ED75}.Debug|Any CPU.Build.0 = Debug|Any CPU
		{9B039797-C508-4826-A573-E418A774ED75}.Debug|x64.ActiveCfg = Debug|x64
		{9B039797-C508-4826-A573-E418A774ED75}.Debug|x64.Build.0 = Debug|x64
		{9B039797-C508-4826-A573-E418A774ED75}.Debug|x86.ActiveCfg = Debug|x86
		{9B039797-C508-4826-A573-E418A774ED75}.Debug|x86.Build.0 = Debug|x86
		{9B039797-C508-4826-A573-E418A774ED75}.Release|Any CPU.ActiveCfg = Release|Any CPU
		{9B039797-C508-4826-A573-E418A774ED75}.Release|Any CPU.Build.0 = Release|Any CPU
		{9B039797-C508-4826-A573-E418A774ED75}.Release|x64.ActiveCfg = Release|x64
		{9B039797-C508-4826-A573-E418A774ED75}.Release|x64.Build.0 = Release|x64
		{9B039797-C508-4826-A573-E418A774ED75}.Release|x86.ActiveCfg = Release|x86
		{9B039797-C508-4826-A573-E418A774ED75}.Release|x86.Build.0 = Release|x86
		{FCAC5474-4712-4CB2-8573-974B6E8B541B}.Debug|Any CPU.ActiveCfg = Debug|Any CPU
		{FCAC5474-4712-4CB2-8573-974B6E8B541B}.Debug|Any CPU.Build.0 = Debug|Any CPU
		{FCAC5474-4712-4CB2-8573-974B6E8B541B}.Debug|x64.ActiveCfg = Debug|x64
		{FCAC5474-4712-4CB2-8573-974B6E8B541B}.Debug|x64.Build.0 = Debug|x64
		{FCAC5474-4712-4CB2-8573-974B6E8B541B}.Debug|x86.ActiveCfg = Debug|x86
		{FCAC5474-4712-4CB2-8573-974B6E8B541B}.Debug|x86.Build.0 = Debug|x86
		{FCAC5474-4712-4CB2-8573-974B6E8B541B}.Release|Any CPU.ActiveCfg = Release|Any CPU
		{FCAC5474-4712-4CB2-8573-974B6E8B541B}.Release|Any CPU.Build.0 = Release|Any CPU
		{FCAC5474-4712-4CB2-8573-974B6E8B541B}.Release|x64.ActiveCfg = Release|x64
		{FCAC5474-4712-4CB2-8573-974B6E8B541B}.Release|x64.Build.0 = Release|x64
		{FCAC5474-4712-4CB2-8573-974B6E8B541B}.Release|x86.ActiveCfg = Release|x86
		{FCAC5474-4712-4CB2-8573-974B6E8B541B}.Release|x86.Build.0 = Release|x86
		{C9E6F37D-0711-4CA7-A05E-13F77D7966A9}.Debug|Any CPU.ActiveCfg = Debug|Any CPU
		{C9E6F37D-0711-4CA7-A05E-13F77D7966A9}.Debug|Any CPU.Build.0 = Debug|Any CPU
		{C9E6F37D-0711-4CA7-A05E-13F77D7966A9}.Debug|x64.ActiveCfg = Debug|x64
		{C9E6F37D-0711-4CA7-A05E-13F77D7966A9}.Debug|x64.Build.0 = Debug|x64
		{C9E6F37D-0711-4CA7-A05E-13F77D7966A9}.Debug|x86.ActiveCfg = Debug|x86
		{C9E6F37D-0711-4CA7-A05E-13F77D7966A9}.Debug|x86.Build.0 = Debug|x86
		{C9E6F37D-0711-4CA7-A05E-13F77D7966A9}.Release|Any CPU.ActiveCfg = Release|Any CPU
		{C9E6F37D-0711-4CA7-A05E-13F77D7966A9}.Release|Any CPU.Build.0 = Release|Any CPU
		{C9E6F37D-0711-4CA7-A05E-13F77D7966A9}.Release|x64.ActiveCfg = Release|x64
		{C9E6F37D-0711-4CA7-A05E-13F77D7966A9}.Release|x64.Build.0 = Release|x64
		{C9E6F37D-0711-4CA7-A05E-13F77D7966A9}.Release|x86.ActiveCfg = Release|x86
		{C9E6F37D-0711-4CA7-A05E-13F77D7966A9}.Release|x86.Build.0 = Release|x86
		{22DFF48E-CE51-454D-9AB8-4A20662ECDE2}.Debug|Any CPU.ActiveCfg = Debug|Any CPU
		{22DFF48E-CE51-454D-9AB8-4A20662ECDE2}.Debug|Any CPU.Build.0 = Debug|Any CPU
		{22DFF48E-CE51-454D-9AB8-4A20662ECDE2}.Debug|x64.ActiveCfg = Debug|x64
		{22DFF48E-CE51-454D-9AB8-4A20662ECDE2}.Debug|x64.Build.0 = Debug|x64
		{22DFF48E-CE51-454D-9AB8-4A20662ECDE2}.Debug|x86.ActiveCfg = Debug|x86
		{22DFF48E-CE51-454D-9AB8-4A20662ECDE2}.Debug|x86.Build.0 = Debug|x86
		{22DFF48E-CE51-454D-9AB8-4A20662ECDE2}.Release|Any CPU.ActiveCfg = Release|Any CPU
		{22DFF48E-CE51-454D-9AB8-4A20662ECDE2}.Release|Any CPU.Build.0 = Release|Any CPU
		{22DFF48E-CE51-454D-9AB8-4A20662ECDE2}.Release|x64.ActiveCfg = Release|x64
		{22DFF48E-CE51-454D-9AB8-4A20662ECDE2}.Release|x64.Build.0 = Release|x64
		{22DFF48E-CE51-454D-9AB8-4A20662ECDE2}.Release|x86.ActiveCfg = Release|x86
		{22DFF48E-CE51-454D-9AB8-4A20662ECDE2}.Release|x86.Build.0 = Release|x86
		{B500238E-B86B-4523-9882-20A8C74275B1}.Debug|Any CPU.ActiveCfg = Debug|Any CPU
		{B500238E-B86B-4523-9882-20A8C74275B1}.Debug|Any CPU.Build.0 = Debug|Any CPU
		{B500238E-B86B-4523-9882-20A8C74275B1}.Debug|x64.ActiveCfg = Debug|x64
		{B500238E-B86B-4523-9882-20A8C74275B1}.Debug|x64.Build.0 = Debug|x64
		{B500238E-B86B-4523-9882-20A8C74275B1}.Debug|x86.ActiveCfg = Debug|x86
		{B500238E-B86B-4523-9882-20A8C74275B1}.Debug|x86.Build.0 = Debug|x86
		{B500238E-B86B-4523-9882-20A8C74275B1}.Release|Any CPU.ActiveCfg = Release|Any CPU
		{B500238E-B86B-4523-9882-20A8C74275B1}.Release|Any CPU.Build.0 = Release|Any CPU
		{B500238E-B86B-4523-9882-20A8C74275B1}.Release|x64.ActiveCfg = Release|x64
		{B500238E-B86B-4523-9882-20A8C74275B1}.Release|x64.Build.0 = Release|x64
		{B500238E-B86B-4523-9882-20A8C74275B1}.Release|x86.ActiveCfg = Release|x86
		{B500238E-B86B-4523-9882-20A8C74275B1}.Release|x86.Build.0 = Release|x86
		{13941DFA-4ACD-498B-9EA1-2AB7498110B6}.Debug|Any CPU.ActiveCfg = Debug|Any CPU
		{13941DFA-4ACD-498B-9EA1-2AB7498110B6}.Debug|Any CPU.Build.0 = Debug|Any CPU
		{13941DFA-4ACD-498B-9EA1-2AB7498110B6}.Debug|x64.ActiveCfg = Debug|x64
		{13941DFA-4ACD-498B-9EA1-2AB7498110B6}.Debug|x64.Build.0 = Debug|x64
		{13941DFA-4ACD-498B-9EA1-2AB7498110B6}.Debug|x86.ActiveCfg = Debug|x86
		{13941DFA-4ACD-498B-9EA1-2AB7498110B6}.Debug|x86.Build.0 = Debug|x86
		{13941DFA-4ACD-498B-9EA1-2AB7498110B6}.Release|Any CPU.ActiveCfg = Release|Any CPU
		{13941DFA-4ACD-498B-9EA1-2AB7498110B6}.Release|Any CPU.Build.0 = Release|Any CPU
		{13941DFA-4ACD-498B-9EA1-2AB7498110B6}.Release|x64.ActiveCfg = Release|x64
		{13941DFA-4ACD-498B-9EA1-2AB7498110B6}.Release|x64.Build.0 = Release|x64
		{13941DFA-4ACD-498B-9EA1-2AB7498110B6}.Release|x86.ActiveCfg = Release|x86
		{13941DFA-4ACD-498B-9EA1-2AB7498110B6}.Release|x86.Build.0 = Release|x86
		{CA43B075-D003-499E-B0DF-20140534F979}.Debug|Any CPU.ActiveCfg = Debug|Any CPU
		{CA43B075-D003-499E-B0DF-20140534F979}.Debug|Any CPU.Build.0 = Debug|Any CPU
		{CA43B075-D003-499E-B0DF-20140534F979}.Debug|x64.ActiveCfg = Debug|x64
		{CA43B075-D003-499E-B0DF-20140534F979}.Debug|x64.Build.0 = Debug|x64
		{CA43B075-D003-499E-B0DF-20140534F979}.Debug|x86.ActiveCfg = Debug|x86
		{CA43B075-D003-499E-B0DF-20140534F979}.Debug|x86.Build.0 = Debug|x86
		{CA43B075-D003-499E-B0DF-20140534F979}.Release|Any CPU.ActiveCfg = Release|Any CPU
		{CA43B075-D003-499E-B0DF-20140534F979}.Release|Any CPU.Build.0 = Release|Any CPU
		{CA43B075-D003-499E-B0DF-20140534F979}.Release|x64.ActiveCfg = Release|x64
		{CA43B075-D003-499E-B0DF-20140534F979}.Release|x64.Build.0 = Release|x64
		{CA43B075-D003-499E-B0DF-20140534F979}.Release|x86.ActiveCfg = Release|x86
		{CA43B075-D003-499E-B0DF-20140534F979}.Release|x86.Build.0 = Release|x86
		{90FDDDC5-52EE-44A7-81F2-7C600834A614}.Debug|Any CPU.ActiveCfg = Debug|Any CPU
		{90FDDDC5-52EE-44A7-81F2-7C600834A614}.Debug|Any CPU.Build.0 = Debug|Any CPU
		{90FDDDC5-52EE-44A7-81F2-7C600834A614}.Debug|x64.ActiveCfg = Debug|x64
		{90FDDDC5-52EE-44A7-81F2-7C600834A614}.Debug|x64.Build.0 = Debug|x64
		{90FDDDC5-52EE-44A7-81F2-7C600834A614}.Debug|x86.ActiveCfg = Debug|x86
		{90FDDDC5-52EE-44A7-81F2-7C600834A614}.Debug|x86.Build.0 = Debug|x86
		{90FDDDC5-52EE-44A7-81F2-7C600834A614}.Release|Any CPU.ActiveCfg = Release|Any CPU
		{90FDDDC5-52EE-44A7-81F2-7C600834A614}.Release|Any CPU.Build.0 = Release|Any CPU
		{90FDDDC5-52EE-44A7-81F2-7C600834A614}.Release|x64.ActiveCfg = Release|x64
		{90FDDDC5-52EE-44A7-81F2-7C600834A614}.Release|x64.Build.0 = Release|x64
		{90FDDDC5-52EE-44A7-81F2-7C600834A614}.Release|x86.ActiveCfg = Release|x86
		{90FDDDC5-52EE-44A7-81F2-7C600834A614}.Release|x86.Build.0 = Release|x86
		{89CE1280-F797-4F8B-A3FB-F9305504128C}.Debug|Any CPU.ActiveCfg = Debug|Any CPU
		{89CE1280-F797-4F8B-A3FB-F9305504128C}.Debug|Any CPU.Build.0 = Debug|Any CPU
		{89CE1280-F797-4F8B-A3FB-F9305504128C}.Debug|x64.ActiveCfg = Debug|x64
		{89CE1280-F797-4F8B-A3FB-F9305504128C}.Debug|x64.Build.0 = Debug|x64
		{89CE1280-F797-4F8B-A3FB-F9305504128C}.Debug|x86.ActiveCfg = Debug|x86
		{89CE1280-F797-4F8B-A3FB-F9305504128C}.Debug|x86.Build.0 = Debug|x86
		{89CE1280-F797-4F8B-A3FB-F9305504128C}.Release|Any CPU.ActiveCfg = Release|Any CPU
		{89CE1280-F797-4F8B-A3FB-F9305504128C}.Release|Any CPU.Build.0 = Release|Any CPU
		{89CE1280-F797-4F8B-A3FB-F9305504128C}.Release|x64.ActiveCfg = Release|x64
		{89CE1280-F797-4F8B-A3FB-F9305504128C}.Release|x64.Build.0 = Release|x64
		{89CE1280-F797-4F8B-A3FB-F9305504128C}.Release|x86.ActiveCfg = Release|x86
		{89CE1280-F797-4F8B-A3FB-F9305504128C}.Release|x86.Build.0 = Release|x86
		{95EA3DB7-8AD0-4D11-9A8C-8E5F24967F2D}.Debug|Any CPU.ActiveCfg = Debug|Any CPU
		{95EA3DB7-8AD0-4D11-9A8C-8E5F24967F2D}.Debug|Any CPU.Build.0 = Debug|Any CPU
		{95EA3DB7-8AD0-4D11-9A8C-8E5F24967F2D}.Debug|x64.ActiveCfg = Debug|x64
		{95EA3DB7-8AD0-4D11-9A8C-8E5F24967F2D}.Debug|x64.Build.0 = Debug|x64
		{95EA3DB7-8AD0-4D11-9A8C-8E5F24967F2D}.Debug|x86.ActiveCfg = Debug|x86
		{95EA3DB7-8AD0-4D11-9A8C-8E5F24967F2D}.Debug|x86.Build.0 = Debug|x86
		{95EA3DB7-8AD0-4D11-9A8C-8E5F24967F2D}.Release|Any CPU.ActiveCfg = Release|Any CPU
		{95EA3DB7-8AD0-4D11-9A8C-8E5F24967F2D}.Release|Any CPU.Build.0 = Release|Any CPU
		{95EA3DB7-8AD0-4D11-9A8C-8E5F24967F2D}.Release|x64.ActiveCfg = Release|x64
		{95EA3DB7-8AD0-4D11-9A8C-8E5F24967F2D}.Release|x64.Build.0 = Release|x64
		{95EA3DB7-8AD0-4D11-9A8C-8E5F24967F2D}.Release|x86.ActiveCfg = Release|x86
		{95EA3DB7-8AD0-4D11-9A8C-8E5F24967F2D}.Release|x86.Build.0 = Release|x86
		{677E329D-C91E-4EDC-9842-F419EEFDC7C9}.Debug|Any CPU.ActiveCfg = Debug|Any CPU
		{677E329D-C91E-4EDC-9842-F419EEFDC7C9}.Debug|Any CPU.Build.0 = Debug|Any CPU
		{677E329D-C91E-4EDC-9842-F419EEFDC7C9}.Debug|x64.ActiveCfg = Debug|x64
		{677E329D-C91E-4EDC-9842-F419EEFDC7C9}.Debug|x64.Build.0 = Debug|x64
		{677E329D-C91E-4EDC-9842-F419EEFDC7C9}.Debug|x86.ActiveCfg = Debug|x86
		{677E329D-C91E-4EDC-9842-F419EEFDC7C9}.Debug|x86.Build.0 = Debug|x86
		{677E329D-C91E-4EDC-9842-F419EEFDC7C9}.Release|Any CPU.ActiveCfg = Release|Any CPU
		{677E329D-C91E-4EDC-9842-F419EEFDC7C9}.Release|Any CPU.Build.0 = Release|Any CPU
		{677E329D-C91E-4EDC-9842-F419EEFDC7C9}.Release|x64.ActiveCfg = Release|x64
		{677E329D-C91E-4EDC-9842-F419EEFDC7C9}.Release|x64.Build.0 = Release|x64
		{677E329D-C91E-4EDC-9842-F419EEFDC7C9}.Release|x86.ActiveCfg = Release|x86
		{677E329D-C91E-4EDC-9842-F419EEFDC7C9}.Release|x86.Build.0 = Release|x86
		{47DA1DFE-A912-4732-9273-7295F111A305}.Debug|Any CPU.ActiveCfg = Debug|Any CPU
		{47DA1DFE-A912-4732-9273-7295F111A305}.Debug|Any CPU.Build.0 = Debug|Any CPU
		{47DA1DFE-A912-4732-9273-7295F111A305}.Debug|x64.ActiveCfg = Debug|x64
		{47DA1DFE-A912-4732-9273-7295F111A305}.Debug|x64.Build.0 = Debug|x64
		{47DA1DFE-A912-4732-9273-7295F111A305}.Debug|x86.ActiveCfg = Debug|x86
		{47DA1DFE-A912-4732-9273-7295F111A305}.Debug|x86.Build.0 = Debug|x86
		{47DA1DFE-A912-4732-9273-7295F111A305}.Release|Any CPU.ActiveCfg = Release|Any CPU
		{47DA1DFE-A912-4732-9273-7295F111A305}.Release|Any CPU.Build.0 = Release|Any CPU
		{47DA1DFE-A912-4732-9273-7295F111A305}.Release|x64.ActiveCfg = Release|x64
		{47DA1DFE-A912-4732-9273-7295F111A305}.Release|x64.Build.0 = Release|x64
		{47DA1DFE-A912-4732-9273-7295F111A305}.Release|x86.ActiveCfg = Release|x86
		{47DA1DFE-A912-4732-9273-7295F111A305}.Release|x86.Build.0 = Release|x86
		{D68CC163-D5C6-468C-9D5B-4F2C5B3618CB}.Debug|Any CPU.ActiveCfg = Debug|Any CPU
		{D68CC163-D5C6-468C-9D5B-4F2C5B3618CB}.Debug|Any CPU.Build.0 = Debug|Any CPU
		{D68CC163-D5C6-468C-9D5B-4F2C5B3618CB}.Debug|x64.ActiveCfg = Debug|Any CPU
		{D68CC163-D5C6-468C-9D5B-4F2C5B3618CB}.Debug|x64.Build.0 = Debug|Any CPU
		{D68CC163-D5C6-468C-9D5B-4F2C5B3618CB}.Debug|x86.ActiveCfg = Debug|Any CPU
		{D68CC163-D5C6-468C-9D5B-4F2C5B3618CB}.Debug|x86.Build.0 = Debug|Any CPU
		{D68CC163-D5C6-468C-9D5B-4F2C5B3618CB}.Release|Any CPU.ActiveCfg = Release|Any CPU
		{D68CC163-D5C6-468C-9D5B-4F2C5B3618CB}.Release|Any CPU.Build.0 = Release|Any CPU
		{D68CC163-D5C6-468C-9D5B-4F2C5B3618CB}.Release|x64.ActiveCfg = Release|Any CPU
		{D68CC163-D5C6-468C-9D5B-4F2C5B3618CB}.Release|x64.Build.0 = Release|Any CPU
		{D68CC163-D5C6-468C-9D5B-4F2C5B3618CB}.Release|x86.ActiveCfg = Release|Any CPU
		{D68CC163-D5C6-468C-9D5B-4F2C5B3618CB}.Release|x86.Build.0 = Release|Any CPU
		{86645974-58FB-4CBD-AC42-3C0FD52284DD}.Debug|Any CPU.ActiveCfg = Debug|Any CPU
		{86645974-58FB-4CBD-AC42-3C0FD52284DD}.Debug|Any CPU.Build.0 = Debug|Any CPU
		{86645974-58FB-4CBD-AC42-3C0FD52284DD}.Debug|x64.ActiveCfg = Debug|Any CPU
		{86645974-58FB-4CBD-AC42-3C0FD52284DD}.Debug|x64.Build.0 = Debug|Any CPU
		{86645974-58FB-4CBD-AC42-3C0FD52284DD}.Debug|x86.ActiveCfg = Debug|Any CPU
		{86645974-58FB-4CBD-AC42-3C0FD52284DD}.Debug|x86.Build.0 = Debug|Any CPU
		{86645974-58FB-4CBD-AC42-3C0FD52284DD}.Release|Any CPU.ActiveCfg = Release|Any CPU
		{86645974-58FB-4CBD-AC42-3C0FD52284DD}.Release|Any CPU.Build.0 = Release|Any CPU
		{86645974-58FB-4CBD-AC42-3C0FD52284DD}.Release|x64.ActiveCfg = Release|Any CPU
		{86645974-58FB-4CBD-AC42-3C0FD52284DD}.Release|x64.Build.0 = Release|Any CPU
		{86645974-58FB-4CBD-AC42-3C0FD52284DD}.Release|x86.ActiveCfg = Release|Any CPU
		{86645974-58FB-4CBD-AC42-3C0FD52284DD}.Release|x86.Build.0 = Release|Any CPU
	EndGlobalSection
	GlobalSection(SolutionProperties) = preSolution
		HideSolutionNode = FALSE
	EndGlobalSection
	GlobalSection(NestedProjects) = preSolution
		{33A7D2E1-4058-41A1-8CFD-878710C195E2} = {944A45A5-E3FA-4C1D-B5EC-76FAE6974F21}
		{B6358DD1-BCB9-40EC-8E8E-455C1E961666} = {944A45A5-E3FA-4C1D-B5EC-76FAE6974F21}
		{03A85F4D-ED67-4F74-85F5-4DA1F0FC42D6} = {944A45A5-E3FA-4C1D-B5EC-76FAE6974F21}
		{BEF6A15F-E1A6-40D8-9911-C2FB93B65DB0} = {B9FDB3AD-0254-49E2-B2B8-20BC6B0AB93B}
		{C4D73C93-104F-44A5-A29B-6B68A4D0839E} = {B9FDB3AD-0254-49E2-B2B8-20BC6B0AB93B}
		{4AB57286-50E4-4731-A87A-1310EB5EB8CB} = {944A45A5-E3FA-4C1D-B5EC-76FAE6974F21}
		{9B039797-C508-4826-A573-E418A774ED75} = {B9FDB3AD-0254-49E2-B2B8-20BC6B0AB93B}
		{FCAC5474-4712-4CB2-8573-974B6E8B541B} = {B9FDB3AD-0254-49E2-B2B8-20BC6B0AB93B}
		{C9E6F37D-0711-4CA7-A05E-13F77D7966A9} = {944A45A5-E3FA-4C1D-B5EC-76FAE6974F21}
		{22DFF48E-CE51-454D-9AB8-4A20662ECDE2} = {B9FDB3AD-0254-49E2-B2B8-20BC6B0AB93B}
		{B500238E-B86B-4523-9882-20A8C74275B1} = {944A45A5-E3FA-4C1D-B5EC-76FAE6974F21}
		{13941DFA-4ACD-498B-9EA1-2AB7498110B6} = {B9FDB3AD-0254-49E2-B2B8-20BC6B0AB93B}
		{CA43B075-D003-499E-B0DF-20140534F979} = {944A45A5-E3FA-4C1D-B5EC-76FAE6974F21}
		{90FDDDC5-52EE-44A7-81F2-7C600834A614} = {B9FDB3AD-0254-49E2-B2B8-20BC6B0AB93B}
		{89CE1280-F797-4F8B-A3FB-F9305504128C} = {944A45A5-E3FA-4C1D-B5EC-76FAE6974F21}
		{95EA3DB7-8AD0-4D11-9A8C-8E5F24967F2D} = {B9FDB3AD-0254-49E2-B2B8-20BC6B0AB93B}
		{677E329D-C91E-4EDC-9842-F419EEFDC7C9} = {944A45A5-E3FA-4C1D-B5EC-76FAE6974F21}
		{47DA1DFE-A912-4732-9273-7295F111A305} = {B9FDB3AD-0254-49E2-B2B8-20BC6B0AB93B}
		{D68CC163-D5C6-468C-9D5B-4F2C5B3618CB} = {944A45A5-E3FA-4C1D-B5EC-76FAE6974F21}
		{86645974-58FB-4CBD-AC42-3C0FD52284DD} = {B9FDB3AD-0254-49E2-B2B8-20BC6B0AB93B}
	EndGlobalSection
	GlobalSection(ExtensibilityGlobals) = postSolution
		SolutionGuid = {D102BDCC-44EF-4389-9803-1D0385E0F7B8}
	EndGlobalSection
EndGlobal
